# THIS IS AN AUTOGENERATED FILE. DO NOT EDIT THIS FILE DIRECTLY.
# yarn lockfile v1


asn1.js@^4.0.0:
  version "4.9.1"
  resolved "https://registry.yarnpkg.com/asn1.js/-/asn1.js-4.9.1.tgz#48ba240b45a9280e94748990ba597d216617fd40"
  dependencies:
    bn.js "^4.0.0"
    inherits "^2.0.1"
    minimalistic-assert "^1.0.0"

base64-js@^1.0.2:
  version "1.2.0"
  resolved "https://registry.yarnpkg.com/base64-js/-/base64-js-1.2.0.tgz#a39992d723584811982be5e290bb6a53d86700f1"

bn.js@^4.0.0, bn.js@^4.1.0, bn.js@^4.1.1, bn.js@^4.4.0:
  version "4.11.6"
  resolved "https://registry.yarnpkg.com/bn.js/-/bn.js-4.11.6.tgz#53344adb14617a13f6e8dd2ce28905d1c0ba3215"

brorand@^1.0.1:
  version "1.1.0"
  resolved "https://registry.yarnpkg.com/brorand/-/brorand-1.1.0.tgz#12c25efe40a45e3c323eb8675a0a0ce57b22371f"

browserify-aes@^1.0.0, browserify-aes@^1.0.4:
  version "1.0.6"
  resolved "https://registry.yarnpkg.com/browserify-aes/-/browserify-aes-1.0.6.tgz#5e7725dbdef1fd5930d4ebab48567ce451c48a0a"
  dependencies:
    buffer-xor "^1.0.2"
    cipher-base "^1.0.0"
    create-hash "^1.1.0"
    evp_bytestokey "^1.0.0"
    inherits "^2.0.1"

browserify-cipher@^1.0.0:
  version "1.0.0"
  resolved "https://registry.yarnpkg.com/browserify-cipher/-/browserify-cipher-1.0.0.tgz#9988244874bf5ed4e28da95666dcd66ac8fc363a"
  dependencies:
    browserify-aes "^1.0.4"
    browserify-des "^1.0.0"
    evp_bytestokey "^1.0.0"

browserify-des@^1.0.0:
  version "1.0.0"
  resolved "https://registry.yarnpkg.com/browserify-des/-/browserify-des-1.0.0.tgz#daa277717470922ed2fe18594118a175439721dd"
  dependencies:
    cipher-base "^1.0.1"
    des.js "^1.0.0"
    inherits "^2.0.1"

browserify-rsa@^4.0.0:
  version "4.0.1"
  resolved "https://registry.yarnpkg.com/browserify-rsa/-/browserify-rsa-4.0.1.tgz#21e0abfaf6f2029cf2fafb133567a701d4135524"
  dependencies:
    bn.js "^4.1.0"
    randombytes "^2.0.1"

browserify-sign@^4.0.0:
  version "4.0.0"
  resolved "https://registry.yarnpkg.com/browserify-sign/-/browserify-sign-4.0.0.tgz#10773910c3c206d5420a46aad8694f820b85968f"
  dependencies:
    bn.js "^4.1.1"
    browserify-rsa "^4.0.0"
    create-hash "^1.1.0"
    create-hmac "^1.1.2"
    elliptic "^6.0.0"
    inherits "^2.0.1"
    parse-asn1 "^5.0.0"

buffer-xor@^1.0.2:
  version "1.0.3"
  resolved "https://registry.yarnpkg.com/buffer-xor/-/buffer-xor-1.0.3.tgz#26e61ed1422fb70dd42e6e36729ed51d855fe8d9"

buffer@^5.0.5:
  version "5.0.5"
  resolved "https://registry.yarnpkg.com/buffer/-/buffer-5.0.5.tgz#35c9393244a90aff83581063d16f0882cecc9418"
  dependencies:
    base64-js "^1.0.2"
    ieee754 "^1.1.4"

cipher-base@^1.0.0, cipher-base@^1.0.1:
  version "1.0.3"
  resolved "https://registry.yarnpkg.com/cipher-base/-/cipher-base-1.0.3.tgz#eeabf194419ce900da3018c207d212f2a6df0a07"
  dependencies:
    inherits "^2.0.1"

commander@0.6.1:
  version "0.6.1"
  resolved "https://registry.yarnpkg.com/commander/-/commander-0.6.1.tgz#fa68a14f6a945d54dbbe50d8cdb3320e9e3b1a06"

commander@2.3.0:
  version "2.3.0"
  resolved "https://registry.yarnpkg.com/commander/-/commander-2.3.0.tgz#fd430e889832ec353b9acd1de217c11cb3eef873"

create-ecdh@^4.0.0:
  version "4.0.0"
  resolved "https://registry.yarnpkg.com/create-ecdh/-/create-ecdh-4.0.0.tgz#888c723596cdf7612f6498233eebd7a35301737d"
  dependencies:
    bn.js "^4.1.0"
    elliptic "^6.0.0"

create-hash@^1.1.0, create-hash@^1.1.1:
  version "1.1.2"
  resolved "https://registry.yarnpkg.com/create-hash/-/create-hash-1.1.2.tgz#51210062d7bb7479f6c65bb41a92208b1d61abad"
  dependencies:
    cipher-base "^1.0.1"
    inherits "^2.0.1"
    ripemd160 "^1.0.0"
    sha.js "^2.3.6"

create-hmac@^1.1.0, create-hmac@^1.1.2:
  version "1.1.4"
  resolved "https://registry.yarnpkg.com/create-hmac/-/create-hmac-1.1.4.tgz#d3fb4ba253eb8b3f56e39ea2fbcb8af747bd3170"
  dependencies:
    create-hash "^1.1.0"
    inherits "^2.0.1"

"crypto-browserify@https://github.com/dipernaa/crypto-browserify.git":
  version "3.11.0"
  resolved "https://github.com/dipernaa/crypto-browserify.git#eab266b17030153948485a58e6c7eadb4d2141e1"
  dependencies:
    browserify-cipher "^1.0.0"
    browserify-sign "^4.0.0"
    create-ecdh "^4.0.0"
    create-hash "^1.1.0"
    create-hmac "^1.1.0"
    diffie-hellman "^5.0.0"
    inherits "^2.0.1"
    pbkdf2 "^3.0.3"
    public-encrypt "^4.0.0"
    randombytes "^2.0.0"

debug@2.2.0:
  version "2.2.0"
  resolved "https://registry.yarnpkg.com/debug/-/debug-2.2.0.tgz#f87057e995b1a1f6ae6a4960664137bc56f039da"
  dependencies:
    ms "0.7.1"

des.js@^1.0.0:
  version "1.0.0"
  resolved "https://registry.yarnpkg.com/des.js/-/des.js-1.0.0.tgz#c074d2e2aa6a8a9a07dbd61f9a15c2cd83ec8ecc"
  dependencies:
    inherits "^2.0.1"
    minimalistic-assert "^1.0.0"

diff@1.4.0:
  version "1.4.0"
  resolved "https://registry.yarnpkg.com/diff/-/diff-1.4.0.tgz#7f28d2eb9ee7b15a97efd89ce63dcfdaa3ccbabf"

diffie-hellman@^5.0.0:
  version "5.0.2"
  resolved "https://registry.yarnpkg.com/diffie-hellman/-/diffie-hellman-5.0.2.tgz#b5835739270cfe26acf632099fded2a07f209e5e"
  dependencies:
    bn.js "^4.1.0"
    miller-rabin "^4.0.0"
    randombytes "^2.0.0"

elliptic@^6.0.0:
  version "6.4.0"
  resolved "https://registry.yarnpkg.com/elliptic/-/elliptic-6.4.0.tgz#cac9af8762c85836187003c8dfe193e5e2eae5df"
  dependencies:
    bn.js "^4.4.0"
    brorand "^1.0.1"
    hash.js "^1.0.0"
    hmac-drbg "^1.0.0"
    inherits "^2.0.1"
    minimalistic-assert "^1.0.0"
    minimalistic-crypto-utils "^1.0.0"

escape-string-regexp@1.0.2:
  version "1.0.2"
  resolved "https://registry.yarnpkg.com/escape-string-regexp/-/escape-string-regexp-1.0.2.tgz#4dbc2fe674e71949caf3fb2695ce7f2dc1d9a8d1"

evp_bytestokey@^1.0.0:
  version "1.0.0"
  resolved "https://registry.yarnpkg.com/evp_bytestokey/-/evp_bytestokey-1.0.0.tgz#497b66ad9fef65cd7c08a6180824ba1476b66e53"
  dependencies:
    create-hash "^1.1.1"

glob@3.2.11:
  version "3.2.11"
  resolved "https://registry.yarnpkg.com/glob/-/glob-3.2.11.tgz#4a973f635b9190f715d10987d5c00fd2815ebe3d"
  dependencies:
    inherits "2"
    minimatch "0.3"

growl@1.9.2:
  version "1.9.2"
  resolved "https://registry.yarnpkg.com/growl/-/growl-1.9.2.tgz#0ea7743715db8d8de2c5ede1775e1b45ac85c02f"

hash.js@^1.0.0, hash.js@^1.0.3:
  version "1.0.3"
  resolved "https://registry.yarnpkg.com/hash.js/-/hash.js-1.0.3.tgz#1332ff00156c0a0ffdd8236013d07b77a0451573"
  dependencies:
    inherits "^2.0.1"

hmac-drbg@^1.0.0:
  version "1.0.0"
  resolved "https://registry.yarnpkg.com/hmac-drbg/-/hmac-drbg-1.0.0.tgz#3db471f45aae4a994a0688322171f51b8b91bee5"
  dependencies:
    hash.js "^1.0.3"
    minimalistic-assert "^1.0.0"
    minimalistic-crypto-utils "^1.0.1"

ieee754@^1.1.4:
  version "1.1.8"
  resolved "https://registry.yarnpkg.com/ieee754/-/ieee754-1.1.8.tgz#be33d40ac10ef1926701f6f08a2d86fbfd1ad3e4"

inherits@2, inherits@^2.0.1:
  version "2.0.3"
  resolved "https://registry.yarnpkg.com/inherits/-/inherits-2.0.3.tgz#633c2c83e3da42a502f52466022480f4208261de"

jade@0.26.3:
  version "0.26.3"
  resolved "https://registry.yarnpkg.com/jade/-/jade-0.26.3.tgz#8f10d7977d8d79f2f6ff862a81b0513ccb25686c"
  dependencies:
    commander "0.6.1"
    mkdirp "0.3.0"

lru-cache@2:
  version "2.7.3"
  resolved "https://registry.yarnpkg.com/lru-cache/-/lru-cache-2.7.3.tgz#6d4524e8b955f95d4f5b58851ce21dd72fb4e952"

miller-rabin@^4.0.0:
  version "4.0.0"
  resolved "https://registry.yarnpkg.com/miller-rabin/-/miller-rabin-4.0.0.tgz#4a62fb1d42933c05583982f4c716f6fb9e6c6d3d"
  dependencies:
    bn.js "^4.0.0"
    brorand "^1.0.1"

minimalistic-assert@^1.0.0:
  version "1.0.0"
  resolved "https://registry.yarnpkg.com/minimalistic-assert/-/minimalistic-assert-1.0.0.tgz#702be2dda6b37f4836bcb3f5db56641b64a1d3d3"

minimalistic-crypto-utils@^1.0.0, minimalistic-crypto-utils@^1.0.1:
  version "1.0.1"
  resolved "https://registry.yarnpkg.com/minimalistic-crypto-utils/-/minimalistic-crypto-utils-1.0.1.tgz#f6c00c1c0b082246e5c4d99dfb8c7c083b2b582a"

minimatch@0.3:
  version "0.3.0"
  resolved "https://registry.yarnpkg.com/minimatch/-/minimatch-0.3.0.tgz#275d8edaac4f1bb3326472089e7949c8394699dd"
  dependencies:
    lru-cache "2"
    sigmund "~1.0.0"

minimist@0.0.8:
  version "0.0.8"
  resolved "https://registry.yarnpkg.com/minimist/-/minimist-0.0.8.tgz#857fcabfc3397d2625b8228262e86aa7a011b05d"

mkdirp@0.3.0:
  version "0.3.0"
  resolved "https://registry.yarnpkg.com/mkdirp/-/mkdirp-0.3.0.tgz#1bbf5ab1ba827af23575143490426455f481fe1e"

mkdirp@0.5.1:
  version "0.5.1"
  resolved "https://registry.yarnpkg.com/mkdirp/-/mkdirp-0.5.1.tgz#30057438eac6cf7f8c4767f38648d6697d75c903"
  dependencies:
    minimist "0.0.8"

mocha@^2.4.5:
  version "2.5.3"
  resolved "https://registry.yarnpkg.com/mocha/-/mocha-2.5.3.tgz#161be5bdeb496771eb9b35745050b622b5aefc58"
  dependencies:
    commander "2.3.0"
    debug "2.2.0"
    diff "1.4.0"
    escape-string-regexp "1.0.2"
    glob "3.2.11"
    growl "1.9.2"
    jade "0.26.3"
    mkdirp "0.5.1"
    supports-color "1.2.0"
    to-iso-string "0.0.2"

ms@0.7.1:
  version "0.7.1"
  resolved "https://registry.yarnpkg.com/ms/-/ms-0.7.1.tgz#9cd13c03adbff25b65effde7ce864ee952017098"

parse-asn1@^5.0.0:
  version "5.0.0"
  resolved "https://registry.yarnpkg.com/parse-asn1/-/parse-asn1-5.0.0.tgz#35060f6d5015d37628c770f4e091a0b5a278bc23"
  dependencies:
    asn1.js "^4.0.0"
    browserify-aes "^1.0.0"
    create-hash "^1.1.0"
    evp_bytestokey "^1.0.0"
    pbkdf2 "^3.0.3"

pbkdf2@^3.0.3:
  version "3.0.9"
  resolved "https://registry.yarnpkg.com/pbkdf2/-/pbkdf2-3.0.9.tgz#f2c4b25a600058b3c3773c086c37dbbee1ffe693"
  dependencies:
    create-hmac "^1.1.2"

public-encrypt@^4.0.0:
  version "4.0.0"
  resolved "https://registry.yarnpkg.com/public-encrypt/-/public-encrypt-4.0.0.tgz#39f699f3a46560dd5ebacbca693caf7c65c18cc6"
  dependencies:
    bn.js "^4.1.0"
    browserify-rsa "^4.0.0"
    create-hash "^1.1.0"
    parse-asn1 "^5.0.0"
    randombytes "^2.0.1"

punycode@1.3.2:
  version "1.3.2"
  resolved "https://registry.yarnpkg.com/punycode/-/punycode-1.3.2.tgz#9653a036fb7c1ee42342f2325cceefea3926c48d"

querystring-browser@^1.0.4:
  version "1.0.4"
  resolved "https://registry.yarnpkg.com/querystring-browser/-/querystring-browser-1.0.4.tgz#f2e35881840a819bc7b1bf597faf0979e6622dc6"

querystring@0.2.0:
  version "0.2.0"
  resolved "https://registry.yarnpkg.com/querystring/-/querystring-0.2.0.tgz#b209849203bb25df820da756e747005878521620"

randombytes@^2.0.0, randombytes@^2.0.1:
  version "2.0.3"
  resolved "https://registry.yarnpkg.com/randombytes/-/randombytes-2.0.3.tgz#674c99760901c3c4112771a31e521dc349cc09ec"

ripemd160@^1.0.0:
  version "1.0.1"
  resolved "https://registry.yarnpkg.com/ripemd160/-/ripemd160-1.0.1.tgz#93a4bbd4942bc574b69a8fa57c71de10ecca7d6e"

sha.js@^2.3.6:
  version "2.4.8"
  resolved "https://registry.yarnpkg.com/sha.js/-/sha.js-2.4.8.tgz#37068c2c476b6baf402d14a49c67f597921f634f"
  dependencies:
    inherits "^2.0.1"

should-equal@0.8.0:
  version "0.8.0"
  resolved "https://registry.yarnpkg.com/should-equal/-/should-equal-0.8.0.tgz#a3f05732ff45bac1b7ba412f8408856819641299"
  dependencies:
    should-type "0.2.0"

should-format@0.3.2:
  version "0.3.2"
  resolved "https://registry.yarnpkg.com/should-format/-/should-format-0.3.2.tgz#a59831e01a2ddee149911bc7148be5c80319e1ff"
  dependencies:
    should-type "0.2.0"

should-type@0.2.0:
  version "0.2.0"
  resolved "https://registry.yarnpkg.com/should-type/-/should-type-0.2.0.tgz#6707ef95529d989dcc098fe0753ab1f9136bb7f6"

should@^8.2.2:
  version "8.4.0"
  resolved "https://registry.yarnpkg.com/should/-/should-8.4.0.tgz#5e60889d3e644bbdd397a30cd34fad28fcf90bc0"
  dependencies:
    should-equal "0.8.0"
    should-format "0.3.2"
    should-type "0.2.0"

sigmund@~1.0.0:
  version "1.0.1"
  resolved "https://registry.yarnpkg.com/sigmund/-/sigmund-1.0.1.tgz#3ff21f198cad2175f9f3b781853fd94d0d19b590"

supports-color@1.2.0:
  version "1.2.0"
  resolved "https://registry.yarnpkg.com/supports-color/-/supports-color-1.2.0.tgz#ff1ed1e61169d06b3cf2d588e188b18d8847e17e"

to-iso-string@0.0.2:
  version "0.0.2"
  resolved "https://registry.yarnpkg.com/to-iso-string/-/to-iso-string-0.0.2.tgz#4dc19e664dfccbe25bd8db508b00c6da158255d1"

url@^0.11.0:
  version "0.11.0"
  resolved "https://registry.yarnpkg.com/url/-/url-0.11.0.tgz#3838e97cfc60521eb73c525a8e55bfdd9e2e28f1"
  dependencies:
    punycode "1.3.2"
    querystring "0.2.0"
